
Microsoft Visual Studio Solution File, Format Version 12.00
# Visual Studio 14
VisualStudioVersion = 14.0.25420.1
MinimumVisualStudioVersion = 10.0.40219.1
Project("{FAE04EC0-301F-11D3-BF4B-00C04F79EFBC}") = "MineraSim", "MineraSim\MineraSim.csproj", "{1F027374-2133-49B9-B4F3-13B637CDBC3D}"
EndProject
Project("{FAE04EC0-301F-11D3-BF4B-00C04F79EFBC}") = "MineraSimSQlite", "MineraSimSQlite\MineraSimSQlite.csproj", "{00C1F0A9-8E0C-4C89-A8A6-225E3E0E72D8}"
EndProject
Global
	GlobalSection(SolutionConfigurationPlatforms) = preSolution
		Debug|Any CPU = Debug|Any CPU
		Release|Any CPU = Release|Any CPU
	EndGlobalSection
	GlobalSection(ProjectConfigurationPlatforms) = postSolution
		{1F027374-2133-49B9-B4F3-13B637CDBC3D}.Debug|Any CPU.ActiveCfg = Debug|Any CPU
		{1F027374-2133-49B9-B4F3-13B637CDBC3D}.Debug|Any CPU.Build.0 = Debug|Any CPU
		{1F027374-2133-49B9-B4F3-13B637CDBC3D}.Release|Any CPU.ActiveCfg = Release|Any CPU
		{1F027374-2133-49B9-B4F3-13B637CDBC3D}.Release|Any CPU.Build.0 = Release|Any CPU
		{00C1F0A9-8E0C-4C89-A8A6-225E3E0E72D8}.Debug|Any CPU.ActiveCfg = Debug|Any CPU
		{00C1F0A9-8E0C-4C89-A8A6-225E3E0E72D8}.Debug|Any CPU.Build.0 = Debug|Any CPU
		{00C1F0A9-8E0C-4C89-A8A6-225E3E0E72D8}.Release|Any CPU.ActiveCfg = Release|Any CPU
		{00C1F0A9-8E0C-4C89-A8A6-225E3E0E72D8}.Release|Any CPU.Build.0 = Release|Any CPU
	EndGlobalSection
	GlobalSection(SolutionProperties) = preSolution
		HideSolutionNode = FALSE
	EndGlobalSection
EndGlobal
